github.com/guilhermelinosp/hellnet-lib-environments v1.1.24 h1:PEBfm9exb4BrxTSa4ybI6NH8tF81tmAqmzMb5lnA8CE=
github.com/guilhermelinosp/hellnet-lib-environments v1.1.24/go.mod h1:46LuafLvMWVmyXwdgBzaDA6TFyKWa0QZX8gj17Y96mY=
github.com/joho/godotenv v1.5.1 h1:7eLL/+HRGLY0ldzfGMeQkb7vMd0as4CfYvUVzLqw0N0=
github.com/joho/godotenv v1.5.1/go.mod h1:f4LDr5Voq0i2e/R5DDNOoa2zzDfwtkZa6DnEwAbqwq4=
